
Microsoft Visual Studio Solution File, Format Version 12.00
# Visual Studio Version 16
VisualStudioVersion = 16.0.31515.178
MinimumVisualStudioVersion = 10.0.40219.1
Project("{FAE04EC0-301F-11D3-BF4B-00C04F79EFBC}") = "Görkem Pansiyon v1.0", "Görkem Pansiyon v1.0\Görkem Pansiyon v1.0.csproj", "{8A8C771B-9B70-46DA-B40B-2FFFBA836101}"
EndProject
Global
	GlobalSection(SolutionConfigurationPlatforms) = preSolution
		Debug|Any CPU = Debug|Any CPU
		Release|Any CPU = Release|Any CPU
	EndGlobalSection
	GlobalSection(ProjectConfigurationPlatforms) = postSolution
		{8A8C771B-9B70-46DA-B40B-2FFFBA836101}.Debug|Any CPU.ActiveCfg = Debug|Any CPU
		{8A8C771B-9B70-46DA-B40B-2FFFBA836101}.Debug|Any CPU.Build.0 = Debug|Any CPU
		{8A8C771B-9B70-46DA-B40B-2FFFBA836101}.Release|Any CPU.ActiveCfg = Release|Any CPU
		{8A8C771B-9B70-46DA-B40B-2FFFBA836101}.Release|Any CPU.Build.0 = Release|Any CPU
	EndGlobalSection
	GlobalSection(SolutionProperties) = preSolution
		HideSolutionNode = FALSE
	EndGlobalSection
	GlobalSection(ExtensibilityGlobals) = postSolution
		SolutionGuid = {A4868F3E-69A8-4EBF-91D1-C52B3AD273BF}
	EndGlobalSection
EndGlobal
